// !$*UTF8*$!
{
	archiveVersion = 1;
	classes = {
	};
	objectVersion = 77;
	objects = {

/* Begin PBXContainerItemProxy section */
		FF10F4E32D8B509A00DB7949 /* PBXContainerItemProxy */ = {
			isa = PBXContainerItemProxy;
			containerPortal = FF10F4C42D8B509800DB7949 /* Project object */;
			proxyType = 1;
			remoteGlobalIDString = FF10F4CB2D8B509800DB7949;
			remoteInfo = "Slider-Stepper";
		};
		FF10F4ED2D8B509A00DB7949 /* PBXContainerItemProxy */ = {
			isa = PBXContainerItemProxy;
			containerPortal = FF10F4C42D8B509800DB7949 /* Project object */;
			proxyType = 1;
			remoteGlobalIDString = FF10F4CB2D8B509800DB7949;
			remoteInfo = "Slider-Stepper";
		};
/* End PBXContainerItemProxy section */

/* Begin PBXFileReference section */
		FF10F4CC2D8B509800DB7949 /* Slider-Stepper.app */ = {isa = PBXFileReference; explicitFileType = wrapper.application; includeInIndex = 0; path = "Slider-Stepper.app"; sourceTree = BUILT_PRODUCTS_DIR; };
		FF10F4E22D8B509A00DB7949 /* Slider-StepperTests.xctest */ = {isa = PBXFileReference; explicitFileType = wrapper.cfbundle; includeInIndex = 0; path = "Slider-StepperTests.xctest"; sourceTree = BUILT_PRODUCTS_DIR; };
		FF10F4EC2D8B509A00DB7949 /* Slider-StepperUITests.xctest */ = {isa = PBXFileReference; explicitFileType = wrapper.cfbundle; includeInIndex = 0; path = "Slider-StepperUITests.xctest"; sourceTree = BUILT_PRODUCTS_DIR; };
/* End PBXFileReference section */

/* Begin PBXFileSystemSynchronizedBuildFileExceptionSet section */
		FF10F4F42D8B509A00DB7949 /* Exceptions for "Slider-Stepper" folder in "Slider-Stepper" target */ = {
			isa = PBXFileSystemSynchronizedBuildFileExceptionSet;
			membershipExceptions = (
				Info.plist,
			);
			target = FF10F4CB2D8B509800DB7949 /* Slider-Stepper */;
		};
/* End PBXFileSystemSynchronizedBuildFileExceptionSet section */

/* Begin PBXFileSystemSynchronizedRootGroup section */
		FF10F4CE2D8B509800DB7949 /* Slider-Stepper */ = {
			isa = PBXFileSystemSynchronizedRootGroup;
			exceptions = (
				FF10F4F42D8B509A00DB7949 /* Exceptions for "Slider-Stepper" folder in "Slider-Stepper" target */,
			);
			path = "Slider-Stepper";
			sourceTree = "<group>";
		};
		FF10F4E52D8B509A00DB7949 /* Slider-StepperTests */ = {
			isa = PBXFileSystemSynchronizedRootGroup;
			path = "Slider-StepperTests";
			sourceTree = "<group>";
		};
		FF10F4EF2D8B509A00DB7949 /* Slider-StepperUITests */ = {
			isa = PBXFileSystemSynchronizedRootGroup;
			path = "Slider-StepperUITests";
			sourceTree = "<group>";
		};
/* End PBXFileSystemSynchronizedRootGroup section */

/* Begin PBXFrameworksBuildPhase section */
		FF10F4C92D8B509800DB7949 /* Frameworks */ = {
			isa = PBXFrameworksBuildPhase;
			buildActionMask = 2147483647;
			files = (
			);
			runOnlyForDeploymentPostprocessing = 0;
		};
		FF10F4DF2D8B509A00DB7949 /* Frameworks */ = {
			isa = PBXFrameworksBuildPhase;
			buildActionMask = 2147483647;
			files = (
			);
			runOnlyForDeploymentPostprocessing = 0;
		};
		FF10F4E92D8B509A00DB7949 /* Frameworks */ = {
			isa = PBXFrameworksBuildPhase;
			buildActionMask = 2147483647;
			files = (
			);
			runOnlyForDeploymentPostprocessing = 0;
		};
/* End PBXFrameworksBuildPhase section */

/* Begin PBXGroup section */
		FF10F4C32D8B509800DB7949 = {
			isa = PBXGroup;
			children = (
				FF10F4CE2D8B509800DB7949 /* Slider-Stepper */,
				FF10F4E52D8B509A00DB7949 /* Slider-StepperTests */,
				FF10F4EF2D8B509A00DB7949 /* Slider-StepperUITests */,
				FF10F4CD2D8B509800DB7949 /* Products */,
			);
			sourceTree = "<group>";
		};
		FF10F4CD2D8B509800DB7949 /* Products */ = {
			isa = PBXGroup;
			children = (
				FF10F4CC2D8B509800DB7949 /* Slider-Stepper.app */,
				FF10F4E22D8B509A00DB7949 /* Slider-StepperTests.xctest */,
				FF10F4EC2D8B509A00DB7949 /* Slider-StepperUITests.xctest */,
			);
			name = Products;
			sourceTree = "<group>";
		};
/* End PBXGroup section */

/* Begin PBXNativeTarget section */
		FF10F4CB2D8B509800DB7949 /* Slider-Stepper */ = {
			isa = PBXNativeTarget;
			buildConfigurationList = FF10F4F52D8B509A00DB7949 /* Build configuration list for PBXNativeTarget "Slider-Stepper" */;
			buildPhases = (
				FF10F4C82D8B509800DB7949 /* Sources */,
				FF10F4C92D8B509800DB7949 /* Frameworks */,
				FF10F4CA2D8B509800DB7949 /* Resources */,
			);
			buildRules = (
			);
			dependencies = (
			);
			fileSystemSynchronizedGroups = (
				FF10F4CE2D8B509800DB7949 /* Slider-Stepper */,
			);
			name = "Slider-Stepper";
			packageProductDependencies = (
			);
			productName = "Slider-Stepper";
			productReference = FF10F4CC2D8B509800DB7949 /* Slider-Stepper.app */;
			productType = "com.apple.product-type.application";
		};
		FF10F4E12D8B509A00DB7949 /* Slider-StepperTests */ = {
			isa = PBXNativeTarget;
			buildConfigurationList = FF10F4FA2D8B509A00DB7949 /* Build configuration list for PBXNativeTarget "Slider-StepperTests" */;
			buildPhases = (
				FF10F4DE2D8B509A00DB7949 /* Sources */,
				FF10F4DF2D8B509A00DB7949 /* Frameworks */,
				FF10F4E02D8B509A00DB7949 /* Resources */,
			);
			buildRules = (
			);
			dependencies = (
				FF10F4E42D8B509A00DB7949 /* PBXTargetDependency */,
			);
			fileSystemSynchronizedGroups = (
				FF10F4E52D8B509A00DB7949 /* Slider-StepperTests */,
			);
			name = "Slider-StepperTests";
			packageProductDependencies = (
			);
			productName = "Slider-StepperTests";
			productReference = FF10F4E22D8B509A00DB7949 /* Slider-StepperTests.xctest */;
			productType = "com.apple.product-type.bundle.unit-test";
		};
		FF10F4EB2D8B509A00DB7949 /* Slider-StepperUITests */ = {
			isa = PBXNativeTarget;
			buildConfigurationList = FF10F4FD2D8B509A00DB7949 /* Build configuration list for PBXNativeTarget "Slider-StepperUITests" */;
			buildPhases = (
				FF10F4E82D8B509A00DB7949 /* Sources */,
				FF10F4E92D8B509A00DB7949 /* Frameworks */,
				FF10F4EA2D8B509A00DB7949 /* Resources */,
			);
			buildRules = (
			);
			dependencies = (
				FF10F4EE2D8B509A00DB7949 /* PBXTargetDependency */,
			);
			fileSystemSynchronizedGroups = (
				FF10F4EF2D8B509A00DB7949 /* Slider-StepperUITests */,
			);
			name = "Slider-StepperUITests";
			packageProductDependencies = (
			);
			productName = "Slider-StepperUITests";
			productReference = FF10F4EC2D8B509A00DB7949 /* Slider-StepperUITests.xctest */;
			productType = "com.apple.product-type.bundle.ui-testing";
		};
/* End PBXNativeTarget section */

/* Begin PBXProject section */
		FF10F4C42D8B509800DB7949 /* Project object */ = {
			isa = PBXProject;
			attributes = {
				BuildIndependentTargetsInParallel = 1;
				LastSwiftUpdateCheck = 1620;
				LastUpgradeCheck = 1620;
				TargetAttributes = {
					FF10F4CB2D8B509800DB7949 = {
						CreatedOnToolsVersion = 16.2;
					};
					FF10F4E12D8B509A00DB7949 = {
						CreatedOnToolsVersion = 16.2;
						TestTargetID = FF10F4CB2D8B509800DB7949;
					};
					FF10F4EB2D8B509A00DB7949 = {
						CreatedOnToolsVersion = 16.2;
						TestTargetID = FF10F4CB2D8B509800DB7949;
					};
				};
			};
			buildConfigurationList = FF10F4C72D8B509800DB7949 /* Build configuration list for PBXProject "Slider-Stepper" */;
			developmentRegion = en;
			hasScannedForEncodings = 0;
			knownRegions = (
				en,
				Base,
			);
			mainGroup = FF10F4C32D8B509800DB7949;
			minimizedProjectReferenceProxies = 1;
			preferredProjectObjectVersion = 77;
			productRefGroup = FF10F4CD2D8B509800DB7949 /* Products */;
			projectDirPath = "";
			projectRoot = "";
			targets = (
				FF10F4CB2D8B509800DB7949 /* Slider-Stepper */,
				FF10F4E12D8B509A00DB7949 /* Slider-StepperTests */,
				FF10F4EB2D8B509A00DB7949 /* Slider-StepperUITests */,
			);
		};
/* End PBXProject section */

/* Begin PBXResourcesBuildPhase section */
		FF10F4CA2D8B509800DB7949 /* Resources */ = {
			isa = PBXResourcesBuildPhase;
			buildActionMask = 2147483647;
			files = (
			);
			runOnlyForDeploymentPostprocessing = 0;
		};
		FF10F4E02D8B509A00DB7949 /* Resources */ = {
			isa = PBXResourcesBuildPhase;
			buildActionMask = 2147483647;
			files = (
			);
			runOnlyForDeploymentPostprocessing = 0;
		};
		FF10F4EA2D8B509A00DB7949 /* Resources */ = {
			isa = PBXResourcesBuildPhase;
			buildActionMask = 2147483647;
			files = (
			);
			runOnlyForDeploymentPostprocessing = 0;
		};
/* End PBXResourcesBuildPhase section */

/* Begin PBXSourcesBuildPhase section */
		FF10F4C82D8B509800DB7949 /* Sources */ = {
			isa = PBXSourcesBuildPhase;
			buildActionMask = 2147483647;
			files = (
			);
			runOnlyForDeploymentPostprocessing = 0;
		};
		FF10F4DE2D8B509A00DB7949 /* Sources */ = {
			isa = PBXSourcesBuildPhase;
			buildActionMask = 2147483647;
			files = (
			);
			runOnlyForDeploymentPostprocessing = 0;
		};
		FF10F4E82D8B509A00DB7949 /* Sources */ = {
			isa = PBXSourcesBuildPhase;
			buildActionMask = 2147483647;
			files = (
			);
			runOnlyForDeploymentPostprocessing = 0;
		};
/* End PBXSourcesBuildPhase section */

/* Begin PBXTargetDependency section */
		FF10F4E42D8B509A00DB7949 /* PBXTargetDependency */ = {
			isa = PBXTargetDependency;
			target = FF10F4CB2D8B509800DB7949 /* Slider-Stepper */;
			targetProxy = FF10F4E32D8B509A00DB7949 /* PBXContainerItemProxy */;
		};
		FF10F4EE2D8B509A00DB7949 /* PBXTargetDependency */ = {
			isa = PBXTargetDependency;
			target = FF10F4CB2D8B509800DB7949 /* Slider-Stepper */;
			targetProxy = FF10F4ED2D8B509A00DB7949 /* PBXContainerItemProxy */;
		};
/* End PBXTargetDependency section */

/* Begin XCBuildConfiguration section */
		FF10F4F62D8B509A00DB7949 /* Debug */ = {
			isa = XCBuildConfiguration;
			buildSettings = {
				ASSETCATALOG_COMPILER_APPICON_NAME = AppIcon;
				ASSETCATALOG_COMPILER_GLOBAL_ACCENT_COLOR_NAME = AccentColor;
				CODE_SIGN_STYLE = Automatic;
				CURRENT_PROJECT_VERSION = 1;
				DEVELOPMENT_TEAM = T985K3P4V7;
				GENERATE_INFOPLIST_FILE = YES;
				INFOPLIST_FILE = "Slider-Stepper/Info.plist";
				INFOPLIST_KEY_UIApplicationSupportsIndirectInputEvents = YES;
				INFOPLIST_KEY_UILaunchStoryboardName = LaunchScreen;
				INFOPLIST_KEY_UIMainStoryboardFile = Main;
				INFOPLIST_KEY_UISupportedInterfaceOrientations_iPad = "UIInterfaceOrientationPortrait UIInterfaceOrientationPortraitUpsideDown UIInterfaceOrientationLandscapeLeft UIInterfaceOrientationLandscapeRight";
				INFOPLIST_KEY_UISupportedInterfaceOrientations_iPhone = "UIInterfaceOrientationPortrait UIInterfaceOrientationLandscapeLeft UIInterfaceOrientationLandscapeRight";
				LD_RUNPATH_SEARCH_PATHS = (
					"$(inherited)",
					"@executable_path/Frameworks",
				);
				MARKETING_VERSION = 1.0;
				PRODUCT_BUNDLE_IDENTIFIER = "com.omerapaydin.Slider-Stepper";
				PRODUCT_NAME = "$(TARGET_NAME)";
				SWIFT_EMIT_LOC_STRINGS = YES;
				SWIFT_VERSION = 5.0;
				TARGETED_DEVICE_FAMILY = "1,2";
			};
			name = Debug;
		};
		FF10F4F72D8B509A00DB7949 /* Release */ = {
			isa = XCBuildConfiguration;
			buildSettings = {
				ASSETCATALOG_COMPILER_APPICON_NAME = AppIcon;
				ASSETCATALOG_COMPILER_GLOBAL_ACCENT_COLOR_NAME = AccentColor;
				CODE_SIGN_STYLE = Automatic;
				CURRENT_PROJECT_VERSION = 1;
				DEVELOPMENT_TEAM = T985K3P4V7;
				GENERATE_INFOPLIST_FILE = YES;
				INFOPLIST_FILE = "Slider-Stepper/Info.plist";
				INFOPLIST_KEY_UIApplicationSupportsIndirectInputEvents = YES;
				INFOPLIST_KEY_UILaunchStoryboardName = LaunchScreen;
				INFOPLIST_KEY_UIMainStoryboardFile = Main;
				INFOPLIST_KEY_UISupportedInterfaceOrientations_iPad = "UIInterfaceOrientationPortrait UIInterfaceOrientationPortraitUpsideDown UIInterfaceOrientationLandscapeLeft UIInterfaceOrientationLandscapeRight";
				INFOPLIST_KEY_UISupportedInterfaceOrientations_iPhone = "UIInterfaceOrientationPortrait UIInterfaceOrientationLandscapeLeft UIInterfaceOrientationLandscapeRight";
				LD_RUNPATH_SEARCH_PATHS = (
					"$(inherited)",
					"@executable_path/Frameworks",
				);
				MARKETING_VERSION = 1.0;
				PRODUCT_BUNDLE_IDENTIFIER = "com.omerapaydin.Slider-Stepper";
				PRODUCT_NAME = "$(TARGET_NAME)";
				SWIFT_EMIT_LOC_STRINGS = YES;
				SWIFT_VERSION = 5.0;
				TARGETED_DEVICE_FAMILY = "1,2";
			};
			name = Release;
		};
		FF10F4F82D8B509A00DB7949 /* Debug */ = {
			isa = XCBuildConfiguration;
			buildSettings = {
				ALWAYS_SEARCH_USER_PATHS = NO;
				ASSETCATALOG_COMPILER_GENERATE_SWIFT_ASSET_SYMBOL_EXTENSIONS = YES;
				CLANG_ANALYZER_NONNULL = YES;
				CLANG_ANALYZER_NUMBER_OBJECT_CONVERSION = YES_AGGRESSIVE;
				CLANG_CXX_LANGUAGE_STANDARD = "gnu++20";
				CLANG_ENABLE_MODULES = YES;
				CLANG_ENABLE_OBJC_ARC = YES;
				CLANG_ENABLE_OBJC_WEAK = YES;
				CLANG_WARN_BLOCK_CAPTURE_AUTORELEASING = YES;
				CLANG_WARN_BOOL_CONVERSION = YES;
				CLANG_WARN_COMMA = YES;
				CLANG_WARN_CONSTANT_CONVERSION = YES;
				CLANG_WARN_DEPRECATED_OBJC_IMPLEMENTATIONS = YES;
				CLANG_WARN_DIRECT_OBJC_ISA_USAGE = YES_ERROR;
				CLANG_WARN_DOCUMENTATION_COMMENTS = YES;
				CLANG_WARN_EMPTY_BODY = YES;
				CLANG_WARN_ENUM_CONVERSION = YES;
				CLANG_WARN_INFINITE_RECURSION = YES;
				CLANG_WARN_INT_CONVERSION = YES;
				CLANG_WARN_NON_LITERAL_NULL_CONVERSION = YES;
				CLANG_WARN_OBJC_IMPLICIT_RETAIN_SELF = YES;
				CLANG_WARN_OBJC_LITERAL_CONVERSION = YES;
				CLANG_WARN_OBJC_ROOT_CLASS = YES_ERROR;
				CLANG_WARN_QUOTED_INCLUDE_IN_FRAMEWORK_HEADER = YES;
				CLANG_WARN_RANGE_LOOP_ANALYSIS = YES;
				CLANG_WARN_STRICT_PROTOTYPES = YES;
				CLANG_WARN_SUSPICIOUS_MOVE = YES;
				CLANG_WARN_UNGUARDED_AVAILABILITY = YES_AGGRESSIVE;
				CLANG_WARN_UNREACHABLE_CODE = YES;
				CLANG_WARN__DUPLICATE_METHOD_MATCH = YES;
				COPY_PHASE_STRIP = NO;
				DEBUG_INFORMATION_FORMAT = dwarf;
				ENABLE_STRICT_OBJC_MSGSEND = YES;
				ENABLE_TESTABILITY = YES;
				ENABLE_USER_SCRIPT_SANDBOXING = YES;
				GCC_C_LANGUAGE_STANDARD = gnu17;
				GCC_DYNAMIC_NO_PIC = NO;
				GCC_NO_COMMON_BLOCKS = YES;
				GCC_OPTIMIZATION_LEVEL = 0;
				GCC_PREPROCESSOR_DEFINITIONS = (
					"DEBUG=1",
					"$(inherited)",
				);
				GCC_WARN_64_TO_32_BIT_CONVERSION = YES;
				GCC_WARN_ABOUT_RETURN_TYPE = YES_ERROR;
				GCC_WARN_UNDECLARED_SELECTOR = YES;
				GCC_WARN_UNINITIALIZED_AUTOS = YES_AGGRESSIVE;
				GCC_WARN_UNUSED_FUNCTION = YES;
				GCC_WARN_UNUSED_VARIABLE = YES;
				IPHONEOS_DEPLOYMENT_TARGET = 18.2;
				LOCALIZATION_PREFERS_STRING_CATALOGS = YES;
				MTL_ENABLE_DEBUG_INFO = INCLUDE_SOURCE;
				MTL_FAST_MATH = YES;
				ONLY_ACTIVE_ARCH = YES;
				SDKROOT = iphoneos;
				SWIFT_ACTIVE_COMPILATION_CONDITIONS = "DEBUG $(inherited)";
				SWIFT_OPTIMIZATION_LEVEL = "-Onone";
			};
			name = Debug;
		};
		FF10F4F92D8B509A00DB7949 /* Release */ = {
			isa = XCBuildConfiguration;
			buildSettings = {
				ALWAYS_SEARCH_USER_PATHS = NO;
				ASSETCATALOG_COMPILER_GENERATE_SWIFT_ASSET_SYMBOL_EXTENSIONS = YES;
				CLANG_ANALYZER_NONNULL = YES;
				CLANG_ANALYZER_NUMBER_OBJECT_CONVERSION = YES_AGGRESSIVE;
				CLANG_CXX_LANGUAGE_STANDARD = "gnu++20";
				CLANG_ENABLE_MODULES = YES;
				CLANG_ENABLE_OBJC_ARC = YES;
				CLANG_ENABLE_OBJC_WEAK = YES;
				CLANG_WARN_BLOCK_CAPTURE_AUTORELEASING = YES;
				CLANG_WARN_BOOL_CONVERSION = YES;
				CLANG_WARN_COMMA = YES;
				CLANG_WARN_CONSTANT_CONVERSION = YES;
				CLANG_WARN_DEPRECATED_OBJC_IMPLEMENTATIONS = YES;
				CLANG_WARN_DIRECT_OBJC_ISA_USAGE = YES_ERROR;
				CLANG_WARN_DOCUMENTATION_COMMENTS = YES;
				CLANG_WARN_EMPTY_BODY = YES;
				CLANG_WARN_ENUM_CONVERSION = YES;
				CLANG_WARN_INFINITE_RECURSION = YES;
				CLANG_WARN_INT_CONVERSION = YES;
				CLANG_WARN_NON_LITERAL_NULL_CONVERSION = YES;
				CLANG_WARN_OBJC_IMPLICIT_RETAIN_SELF = YES;
				CLANG_WARN_OBJC_LITERAL_CONVERSION = YES;
				CLANG_WARN_OBJC_ROOT_CLASS = YES_ERROR;
				CLANG_WARN_QUOTED_INCLUDE_IN_FRAMEWORK_HEADER = YES;
				CLANG_WARN_RANGE_LOOP_ANALYSIS = YES;
				CLANG_WARN_STRICT_PROTOTYPES = YES;
				CLANG_WARN_SUSPICIOUS_MOVE = YES;
				CLANG_WARN_UNGUARDED_AVAILABILITY = YES_AGGRESSIVE;
				CLANG_WARN_UNREACHABLE_CODE = YES;
				CLANG_WARN__DUPLICATE_METHOD_MATCH = YES;
				COPY_PHASE_STRIP = NO;
				DEBUG_INFORMATION_FORMAT = "dwarf-with-dsym";
				ENABLE_NS_ASSERTIONS = NO;
				ENABLE_STRICT_OBJC_MSGSEND = YES;
				ENABLE_USER_SCRIPT_SANDBOXING = YES;
				GCC_C_LANGUAGE_STANDARD = gnu17;
				GCC_NO_COMMON_BLOCKS = YES;
				GCC_WARN_64_TO_32_BIT_CONVERSION = YES;
				GCC_WARN_ABOUT_RETURN_TYPE = YES_ERROR;
				GCC_WARN_UNDECLARED_SELECTOR = YES;
				GCC_WARN_UNINITIALIZED_AUTOS = YES_AGGRESSIVE;
				GCC_WARN_UNUSED_FUNCTION = YES;
				GCC_WARN_UNUSED_VARIABLE = YES;
				IPHONEOS_DEPLOYMENT_TARGET = 18.2;
				LOCALIZATION_PREFERS_STRING_CATALOGS = YES;
				MTL_ENABLE_DEBUG_INFO = NO;
				MTL_FAST_MATH = YES;
				SDKROOT = iphoneos;
				SWIFT_COMPILATION_MODE = wholemodule;
				VALIDATE_PRODUCT = YES;
			};
			name = Release;
		};
		FF10F4FB2D8B509A00DB7949 /* Debug */ = {
			isa = XCBuildConfiguration;
			buildSettings = {
				BUNDLE_LOADER = "$(TEST_HOST)";
				CODE_SIGN_STYLE = Automatic;
				CURRENT_PROJECT_VERSION = 1;
				DEVELOPMENT_TEAM = T985K3P4V7;
				GENERATE_INFOPLIST_FILE = YES;
				IPHONEOS_DEPLOYMENT_TARGET = 18.2;
				MARKETING_VERSION = 1.0;
				PRODUCT_BUNDLE_IDENTIFIER = "com.omerapaydin.Slider-StepperTests";
				PRODUCT_NAME = "$(TARGET_NAME)";
				SWIFT_EMIT_LOC_STRINGS = NO;
				SWIFT_VERSION = 5.0;
				TARGETED_DEVICE_FAMILY = "1,2";
				TEST_HOST = "$(BUILT_PRODUCTS_DIR)/Slider-Stepper.app/$(BUNDLE_EXECUTABLE_FOLDER_PATH)/Slider-Stepper";
			};
			name = Debug;
		};
		FF10F4FC2D8B509A00DB7949 /* Release */ = {
			isa = XCBuildConfiguration;
			buildSettings = {
				BUNDLE_LOADER = "$(TEST_HOST)";
				CODE_SIGN_STYLE = Automatic;
				CURRENT_PROJECT_VERSION = 1;
				DEVELOPMENT_TEAM = T985K3P4V7;
				GENERATE_INFOPLIST_FILE = YES;
				IPHONEOS_DEPLOYMENT_TARGET = 18.2;
				MARKETING_VERSION = 1.0;
				PRODUCT_BUNDLE_IDENTIFIER = "com.omerapaydin.Slider-StepperTests";
				PRODUCT_NAME = "$(TARGET_NAME)";
				SWIFT_EMIT_LOC_STRINGS = NO;
				SWIFT_VERSION = 5.0;
				TARGETED_DEVICE_FAMILY = "1,2";
				TEST_HOST = "$(BUILT_PRODUCTS_DIR)/Slider-Stepper.app/$(BUNDLE_EXECUTABLE_FOLDER_PATH)/Slider-Stepper";
			};
			name = Release;
		};
		FF10F4FE2D8B509A00DB7949 /* Debug */ = {
			isa = XCBuildConfiguration;
			buildSettings = {
				CODE_SIGN_STYLE = Automatic;
				CURRENT_PROJECT_VERSION = 1;
				DEVELOPMENT_TEAM = T985K3P4V7;
				GENERATE_INFOPLIST_FILE = YES;
				MARKETING_VERSION = 1.0;
				PRODUCT_BUNDLE_IDENTIFIER = "com.omerapaydin.Slider-StepperUITests";
				PRODUCT_NAME = "$(TARGET_NAME)";
				SWIFT_EMIT_LOC_STRINGS = NO;
				SWIFT_VERSION = 5.0;
				TARGETED_DEVICE_FAMILY = "1,2";
				TEST_TARGET_NAME = "Slider-Stepper";
			};
			name = Debug;
		};
		FF10F4FF2D8B509A00DB7949 /* Release */ = {
			isa = XCBuildConfiguration;
			buildSettings = {
				CODE_SIGN_STYLE = Automatic;
				CURRENT_PROJECT_VERSION = 1;
				DEVELOPMENT_TEAM = T985K3P4V7;
				GENERATE_INFOPLIST_FILE = YES;
				MARKETING_VERSION = 1.0;
				PRODUCT_BUNDLE_IDENTIFIER = "com.omerapaydin.Slider-StepperUITests";
				PRODUCT_NAME = "$(TARGET_NAME)";
				SWIFT_EMIT_LOC_STRINGS = NO;
				SWIFT_VERSION = 5.0;
				TARGETED_DEVICE_FAMILY = "1,2";
				TEST_TARGET_NAME = "Slider-Stepper";
			};
			name = Release;
		};
/* End XCBuildConfiguration section */

/* Begin XCConfigurationList section */
		FF10F4C72D8B509800DB7949 /* Build configuration list for PBXProject "Slider-Stepper" */ = {
			isa = XCConfigurationList;
			buildConfigurations = (
				FF10F4F82D8B509A00DB7949 /* Debug */,
				FF10F4F92D8B509A00DB7949 /* Release */,
			);
			defaultConfigurationIsVisible = 0;
			defaultConfigurationName = Release;
		};
		FF10F4F52D8B509A00DB7949 /* Build configuration list for PBXNativeTarget "Slider-Stepper" */ = {
			isa = XCConfigurationList;
			buildConfigurations = (
				FF10F4F62D8B509A00DB7949 /* Debug */,
				FF10F4F72D8B509A00DB7949 /* Release */,
			);
			defaultConfigurationIsVisible = 0;
			defaultConfigurationName = Release;
		};
		FF10F4FA2D8B509A00DB7949 /* Build configuration list for PBXNativeTarget "Slider-StepperTests" */ = {
			isa = XCConfigurationList;
			buildConfigurations = (
				FF10F4FB2D8B509A00DB7949 /* Debug */,
				FF10F4FC2D8B509A00DB7949 /* Release */,
			);
			defaultConfigurationIsVisible = 0;
			defaultConfigurationName = Release;
		};
		FF10F4FD2D8B509A00DB7949 /* Build configuration list for PBXNativeTarget "Slider-StepperUITests" */ = {
			isa = XCConfigurationList;
			buildConfigurations = (
				FF10F4FE2D8B509A00DB7949 /* Debug */,
				FF10F4FF2D8B509A00DB7949 /* Release */,
			);
			defaultConfigurationIsVisible = 0;
			defaultConfigurationName = Release;
		};
/* End XCConfigurationList section */
	};
	rootObject = FF10F4C42D8B509800DB7949 /* Project object */;
}
